// !$*UTF8*$!
{
	archiveVersion = 1;
	classes = {
	};
	objectVersion = 48;
	objects = {

/* Begin PBXBuildFile section */
		5C0ABEF420286664005B95FE /* AppDelegate.swift in Sources */ = {isa = PBXBuildFile; fileRef = 5C0ABEF320286664005B95FE /* AppDelegate.swift */; };
		5C0ABEF620286664005B95FE /* ViewController.swift in Sources */ = {isa = PBXBuildFile; fileRef = 5C0ABEF520286664005B95FE /* ViewController.swift */; };
		5C0ABEF920286664005B95FE /* Main.storyboard in Resources */ = {isa = PBXBuildFile; fileRef = 5C0ABEF720286664005B95FE /* Main.storyboard */; };
		5C0ABEFB20286664005B95FE /* Assets.xcassets in Resources */ = {isa = PBXBuildFile; fileRef = 5C0ABEFA20286664005B95FE /* Assets.xcassets */; };
		5C0ABEFE20286664005B95FE /* LaunchScreen.storyboard in Resources */ = {isa = PBXBuildFile; fileRef = 5C0ABEFC20286664005B95FE /* LaunchScreen.storyboard */; };
		E8C0964807F684B365911756 /* Pods_Parade.framework in Frameworks */ = {isa = PBXBuildFile; fileRef = 4852889464B429866F5D2F0B /* Pods_Parade.framework */; };
/* End PBXBuildFile section */

/* Begin PBXFileReference section */
		3FF30B17B4DD1E5497409FF8 /* Pods-Parade.debug.xcconfig */ = {isa = PBXFileReference; includeInIndex = 1; lastKnownFileType = text.xcconfig; name = "Pods-Parade.debug.xcconfig"; path = "Pods/Target Support Files/Pods-Parade/Pods-Parade.debug.xcconfig"; sourceTree = "<group>"; };
		4852889464B429866F5D2F0B /* Pods_Parade.framework */ = {isa = PBXFileReference; explicitFileType = wrapper.framework; includeInIndex = 0; path = Pods_Parade.framework; sourceTree = BUILT_PRODUCTS_DIR; };
		5C0ABEF120286664005B95FE /* Parade.app */ = {isa = PBXFileReference; explicitFileType = wrapper.application; includeInIndex = 0; path = Parade.app; sourceTree = BUILT_PRODUCTS_DIR; };
		5C0ABEF320286664005B95FE /* AppDelegate.swift */ = {isa = PBXFileReference; lastKnownFileType = sourcecode.swift; path = AppDelegate.swift; sourceTree = "<group>"; };
		5C0ABEF520286664005B95FE /* ViewController.swift */ = {isa = PBXFileReference; lastKnownFileType = sourcecode.swift; path = ViewController.swift; sourceTree = "<group>"; };
		5C0ABEF820286664005B95FE /* Base */ = {isa = PBXFileReference; lastKnownFileType = file.storyboard; name = Base; path = Base.lproj/Main.storyboard; sourceTree = "<group>"; };
		5C0ABEFA20286664005B95FE /* Assets.xcassets */ = {isa = PBXFileReference; lastKnownFileType = folder.assetcatalog; path = Assets.xcassets; sourceTree = "<group>"; };
		5C0ABEFD20286664005B95FE /* Base */ = {isa = PBXFileReference; lastKnownFileType = file.storyboard; name = Base; path = Base.lproj/LaunchScreen.storyboard; sourceTree = "<group>"; };
		5C0ABEFF20286664005B95FE /* Info.plist */ = {isa = PBXFileReference; lastKnownFileType = text.plist.xml; path = Info.plist; sourceTree = "<group>"; };
		62CCBE984A128A132DCBBA50 /* Pods-Parade.release.xcconfig */ = {isa = PBXFileReference; includeInIndex = 1; lastKnownFileType = text.xcconfig; name = "Pods-Parade.release.xcconfig"; path = "Pods/Target Support Files/Pods-Parade/Pods-Parade.release.xcconfig"; sourceTree = "<group>"; };
/* End PBXFileReference section */

/* Begin PBXFrameworksBuildPhase section */
		5C0ABEEE20286664005B95FE /* Frameworks */ = {
			isa = PBXFrameworksBuildPhase;
			buildActionMask = 2147483647;
			files = (
				E8C0964807F684B365911756 /* Pods_Parade.framework in Frameworks */,
			);
			runOnlyForDeploymentPostprocessing = 0;
		};
/* End PBXFrameworksBuildPhase section */

/* Begin PBXGroup section */
		3A48A642795F4922A31A7E1B /* Pods */ = {
			isa = PBXGroup;
			children = (
				3FF30B17B4DD1E5497409FF8 /* Pods-Parade.debug.xcconfig */,
				62CCBE984A128A132DCBBA50 /* Pods-Parade.release.xcconfig */,
			);
			name = Pods;
			sourceTree = "<group>";
		};
		5C0ABEBC20286610005B95FE = {
			isa = PBXGroup;
			children = (
				5C0ABEF220286664005B95FE /* Parade */,
				5C0ABEC620286610005B95FE /* Products */,
				3A48A642795F4922A31A7E1B /* Pods */,
				EDBAC3018126554DE1168681 /* Frameworks */,
			);
			sourceTree = "<group>";
		};
		5C0ABEC620286610005B95FE /* Products */ = {
			isa = PBXGroup;
			children = (
				5C0ABEF120286664005B95FE /* Parade.app */,
			);
			name = Products;
			sourceTree = "<group>";
		};
		5C0ABEF220286664005B95FE /* Parade */ = {
			isa = PBXGroup;
			children = (
				5C0ABEF320286664005B95FE /* AppDelegate.swift */,
				5C0ABEF520286664005B95FE /* ViewController.swift */,
				5C0ABEF720286664005B95FE /* Main.storyboard */,
				5C0ABEFA20286664005B95FE /* Assets.xcassets */,
				5C0ABEFC20286664005B95FE /* LaunchScreen.storyboard */,
				5C0ABEFF20286664005B95FE /* Info.plist */,
			);
			path = Parade;
			sourceTree = "<group>";
		};
		EDBAC3018126554DE1168681 /* Frameworks */ = {
			isa = PBXGroup;
			children = (
				4852889464B429866F5D2F0B /* Pods_Parade.framework */,
			);
			name = Frameworks;
			sourceTree = "<group>";
		};
/* End PBXGroup section */

/* Begin PBXNativeTarget section */
		5C0ABEF020286664005B95FE /* Parade */ = {
			isa = PBXNativeTarget;
			buildConfigurationList = 5C0ABF0020286664005B95FE /* Build configuration list for PBXNativeTarget "Parade" */;
			buildPhases = (
				2757113380BDDFF69C94DEEB /* [CP] Check Pods Manifest.lock */,
				5C0ABEED20286664005B95FE /* Sources */,
				5C0ABEEE20286664005B95FE /* Frameworks */,
				5C0ABEEF20286664005B95FE /* Resources */,
				374FD9E25D169CEF546F1AC9 /* [CP] Embed Pods Frameworks */,
				9FA947A38DB276BEC62C6E2F /* [CP] Copy Pods Resources */,
			);
			buildRules = (
			);
			dependencies = (
			);
			name = Parade;
			productName = Parade;
			productReference = 5C0ABEF120286664005B95FE /* Parade.app */;
			productType = "com.apple.product-type.application";
		};
/* End PBXNativeTarget section */

/* Begin PBXProject section */
		5C0ABEBD20286610005B95FE /* Project object */ = {
			isa = PBXProject;
			attributes = {
				LastSwiftUpdateCheck = 0920;
				LastUpgradeCheck = 0920;
				ORGANIZATIONNAME = "Meniny Lab";
				TargetAttributes = {
					5C0ABEF020286664005B95FE = {
						CreatedOnToolsVersion = 9.2;
						ProvisioningStyle = Automatic;
					};
				};
			};
			buildConfigurationList = 5C0ABEC020286610005B95FE /* Build configuration list for PBXProject "Sample" */;
			compatibilityVersion = "Xcode 8.0";
			developmentRegion = en;
			hasScannedForEncodings = 0;
			knownRegions = (
				en,
				Base,
			);
			mainGroup = 5C0ABEBC20286610005B95FE;
			productRefGroup = 5C0ABEC620286610005B95FE /* Products */;
			projectDirPath = "";
			projectRoot = "";
			targets = (
				5C0ABEF020286664005B95FE /* Parade */,
			);
		};
/* End PBXProject section */

/* Begin PBXResourcesBuildPhase section */
		5C0ABEEF20286664005B95FE /* Resources */ = {
			isa = PBXResourcesBuildPhase;
			buildActionMask = 2147483647;
			files = (
				5C0ABEFE20286664005B95FE /* LaunchScreen.storyboard in Resources */,
				5C0ABEFB20286664005B95FE /* Assets.xcassets in Resources */,
				5C0ABEF920286664005B95FE /* Main.storyboard in Resources */,
			);
			runOnlyForDeploymentPostprocessing = 0;
		};
/* End PBXResourcesBuildPhase section */

/* Begin PBXShellScriptBuildPhase section */
		2757113380BDDFF69C94DEEB /* [CP] Check Pods Manifest.lock */ = {
			isa = PBXShellScriptBuildPhase;
			buildActionMask = 2147483647;
			files = (
			);
			inputPaths = (
				"${PODS_PODFILE_DIR_PATH}/Podfile.lock",
				"${PODS_ROOT}/Manifest.lock",
			);
			name = "[CP] Check Pods Manifest.lock";
			outputPaths = (
				"$(DERIVED_FILE_DIR)/Pods-Parade-checkManifestLockResult.txt",
			);
			runOnlyForDeploymentPostprocessing = 0;
			shellPath = /bin/sh;
			shellScript = "diff \"${PODS_PODFILE_DIR_PATH}/Podfile.lock\" \"${PODS_ROOT}/Manifest.lock\" > /dev/null\nif [ $? != 0 ] ; then\n    # print error to STDERR\n    echo \"error: The sandbox is not in sync with the Podfile.lock. Run 'pod install' or update your CocoaPods installation.\" >&2\n    exit 1\nfi\n# This output is used by Xcode 'outputs' to avoid re-running this script phase.\necho \"SUCCESS\" > \"${SCRIPT_OUTPUT_FILE_0}\"\n";
			showEnvVarsInLog = 0;
		};
		374FD9E25D169CEF546F1AC9 /* [CP] Embed Pods Frameworks */ = {
			isa = PBXShellScriptBuildPhase;
			buildActionMask = 2147483647;
			files = (
			);
			inputPaths = (
				"${SRCROOT}/Pods/Target Support Files/Pods-Parade/Pods-Parade-frameworks.sh",
				"${BUILT_PRODUCTS_DIR}/Parade/Parade.framework",
			);
			name = "[CP] Embed Pods Frameworks";
			outputPaths = (
				"${TARGET_BUILD_DIR}/${FRAMEWORKS_FOLDER_PATH}/Parade.framework",
			);
			runOnlyForDeploymentPostprocessing = 0;
			shellPath = /bin/sh;
			shellScript = "\"${SRCROOT}/Pods/Target Support Files/Pods-Parade/Pods-Parade-frameworks.sh\"\n";
			showEnvVarsInLog = 0;
		};
		9FA947A38DB276BEC62C6E2F /* [CP] Copy Pods Resources */ = {
			isa = PBXShellScriptBuildPhase;
			buildActionMask = 2147483647;
			files = (
			);
			inputPaths = (
			);
			name = "[CP] Copy Pods Resources";
			outputPaths = (
			);
			runOnlyForDeploymentPostprocessing = 0;
			shellPath = /bin/sh;
			shellScript = "\"${SRCROOT}/Pods/Target Support Files/Pods-Parade/Pods-Parade-resources.sh\"\n";
			showEnvVarsInLog = 0;
		};
/* End PBXShellScriptBuildPhase section */

/* Begin PBXSourcesBuildPhase section */
		5C0ABEED20286664005B95FE /* Sources */ = {
			isa = PBXSourcesBuildPhase;
			buildActionMask = 2147483647;
			files = (
				5C0ABEF620286664005B95FE /* ViewController.swift in Sources */,
				5C0ABEF420286664005B95FE /* AppDelegate.swift in Sources */,
			);
			runOnlyForDeploymentPostprocessing = 0;
		};
/* End PBXSourcesBuildPhase section */

/* Begin PBXVariantGroup section */
		5C0ABEF720286664005B95FE /* Main.storyboard */ = {
			isa = PBXVariantGroup;
			children = (
				5C0ABEF820286664005B95FE /* Base */,
			);
			name = Main.storyboard;
			sourceTree = "<group>";
		};
		5C0ABEFC20286664005B95FE /* LaunchScreen.storyboard */ = {
			isa = PBXVariantGroup;
			children = (
				5C0ABEFD20286664005B95FE /* Base */,
			);
			name = LaunchScreen.storyboard;
			sourceTree = "<group>";
		};
/* End PBXVariantGroup section */

/* Begin XCBuildConfiguration section */
		5C0ABED520286610005B95FE /* Debug */ = {
			isa = XCBuildConfiguration;
			buildSettings = {
				ALWAYS_SEARCH_USER_PATHS = NO;
				CLANG_ANALYZER_NONNULL = YES;
				CLANG_ANALYZER_NUMBER_OBJECT_CONVERSION = YES_AGGRESSIVE;
				CLANG_CXX_LANGUAGE_STANDARD = "gnu++14";
				CLANG_CXX_LIBRARY = "libc++";
				CLANG_ENABLE_MODULES = YES;
				CLANG_ENABLE_OBJC_ARC = YES;
				CLANG_WARN_BLOCK_CAPTURE_AUTORELEASING = YES;
				CLANG_WARN_BOOL_CONVERSION = YES;
				CLANG_WARN_COMMA = YES;
				CLANG_WARN_CONSTANT_CONVERSION = YES;
				CLANG_WARN_DIRECT_OBJC_ISA_USAGE = YES_ERROR;
				CLANG_WARN_DOCUMENTATION_COMMENTS = YES;
				CLANG_WARN_EMPTY_BODY = YES;
				CLANG_WARN_ENUM_CONVERSION = YES;
				CLANG_WARN_INFINITE_RECURSION = YES;
				CLANG_WARN_INT_CONVERSION = YES;
				CLANG_WARN_NON_LITERAL_NULL_CONVERSION = YES;
				CLANG_WARN_OBJC_LITERAL_CONVERSION = YES;
				CLANG_WARN_OBJC_ROOT_CLASS = YES_ERROR;
				CLANG_WARN_RANGE_LOOP_ANALYSIS = YES;
				CLANG_WARN_STRICT_PROTOTYPES = YES;
				CLANG_WARN_SUSPICIOUS_MOVE = YES;
				CLANG_WARN_UNGUARDED_AVAILABILITY = YES_AGGRESSIVE;
				CLANG_WARN_UNREACHABLE_CODE = YES;
				CLANG_WARN__DUPLICATE_METHOD_MATCH = YES;
				CODE_SIGN_IDENTITY = "iPhone Developer";
				COPY_PHASE_STRIP = NO;
				DEBUG_INFORMATION_FORMAT = dwarf;
				ENABLE_STRICT_OBJC_MSGSEND = YES;
				ENABLE_TESTABILITY = YES;
				GCC_C_LANGUAGE_STANDARD = gnu11;
				GCC_DYNAMIC_NO_PIC = NO;
				GCC_NO_COMMON_BLOCKS = YES;
				GCC_OPTIMIZATION_LEVEL = 0;
				GCC_PREPROCESSOR_DEFINITIONS = (
					"DEBUG=1",
					"$(inherited)",
				);
				GCC_WARN_64_TO_32_BIT_CONVERSION = YES;
				GCC_WARN_ABOUT_RETURN_TYPE = YES_ERROR;
				GCC_WARN_UNDECLARED_SELECTOR = YES;
				GCC_WARN_UNINITIALIZED_AUTOS = YES_AGGRESSIVE;
				GCC_WARN_UNUSED_FUNCTION = YES;
				GCC_WARN_UNUSED_VARIABLE = YES;
				IPHONEOS_DEPLOYMENT_TARGET = 11.2;
				MTL_ENABLE_DEBUG_INFO = YES;
				ONLY_ACTIVE_ARCH = YES;
				SDKROOT = iphoneos;
				SWIFT_ACTIVE_COMPILATION_CONDITIONS = DEBUG;
				SWIFT_OPTIMIZATION_LEVEL = "-Onone";
			};
			name = Debug;
		};
		5C0ABED620286610005B95FE /* Release */ = {
			isa = XCBuildConfiguration;
			buildSettings = {
				ALWAYS_SEARCH_USER_PATHS = NO;
				CLANG_ANALYZER_NONNULL = YES;
				CLANG_ANALYZER_NUMBER_OBJECT_CONVERSION = YES_AGGRESSIVE;
				CLANG_CXX_LANGUAGE_STANDARD = "gnu++14";
				CLANG_CXX_LIBRARY = "libc++";
				CLANG_ENABLE_MODULES = YES;
				CLANG_ENABLE_OBJC_ARC = YES;
				CLANG_WARN_BLOCK_CAPTURE_AUTORELEASING = YES;
				CLANG_WARN_BOOL_CONVERSION = YES;
				CLANG_WARN_COMMA = YES;
				CLANG_WARN_CONSTANT_CONVERSION = YES;
				CLANG_WARN_DIRECT_OBJC_ISA_USAGE = YES_ERROR;
				CLANG_WARN_DOCUMENTATION_COMMENTS = YES;
				CLANG_WARN_EMPTY_BODY = YES;
				CLANG_WARN_ENUM_CONVERSION = YES;
				CLANG_WARN_INFINITE_RECURSION = YES;
				CLANG_WARN_INT_CONVERSION = YES;
				CLANG_WARN_NON_LITERAL_NULL_CONVERSION = YES;
				CLANG_WARN_OBJC_LITERAL_CONVERSION = YES;
				CLANG_WARN_OBJC_ROOT_CLASS = YES_ERROR;
				CLANG_WARN_RANGE_LOOP_ANALYSIS = YES;
				CLANG_WARN_STRICT_PROTOTYPES = YES;
				CLANG_WARN_SUSPICIOUS_MOVE = YES;
				CLANG_WARN_UNGUARDED_AVAILABILITY = YES_AGGRESSIVE;
				CLANG_WARN_UNREACHABLE_CODE = YES;
				CLANG_WARN__DUPLICATE_METHOD_MATCH = YES;
				CODE_SIGN_IDENTITY = "iPhone Developer";
				COPY_PHASE_STRIP = NO;
				DEBUG_INFORMATION_FORMAT = "dwarf-with-dsym";
				ENABLE_NS_ASSERTIONS = NO;
				ENABLE_STRICT_OBJC_MSGSEND = YES;
				GCC_C_LANGUAGE_STANDARD = gnu11;
				GCC_NO_COMMON_BLOCKS = YES;
				GCC_WARN_64_TO_32_BIT_CONVERSION = YES;
				GCC_WARN_ABOUT_RETURN_TYPE = YES_ERROR;
				GCC_WARN_UNDECLARED_SELECTOR = YES;
				GCC_WARN_UNINITIALIZED_AUTOS = YES_AGGRESSIVE;
				GCC_WARN_UNUSED_FUNCTION = YES;
				GCC_WARN_UNUSED_VARIABLE = YES;
				IPHONEOS_DEPLOYMENT_TARGET = 11.2;
				MTL_ENABLE_DEBUG_INFO = NO;
				SDKROOT = iphoneos;
				SWIFT_OPTIMIZATION_LEVEL = "-Owholemodule";
				VALIDATE_PRODUCT = YES;
			};
			name = Release;
		};
		5C0ABF0120286664005B95FE /* Debug */ = {
			isa = XCBuildConfiguration;
			baseConfigurationReference = 3FF30B17B4DD1E5497409FF8 /* Pods-Parade.debug.xcconfig */;
			buildSettings = {
				ASSETCATALOG_COMPILER_APPICON_NAME = AppIcon;
				CODE_SIGN_STYLE = Automatic;
				DEVELOPMENT_TEAM = 63YL5QDMNS;
				INFOPLIST_FILE = Parade/Info.plist;
				LD_RUNPATH_SEARCH_PATHS = "$(inherited) @executable_path/Frameworks";
				PRODUCT_BUNDLE_IDENTIFIER = cn.meniny.Parade;
				PRODUCT_NAME = "$(TARGET_NAME)";
				SWIFT_VERSION = 4.0;
				TARGETED_DEVICE_FAMILY = "1,2";
			};
			name = Debug;
		};
		5C0ABF0220286664005B95FE /* Release */ = {
			isa = XCBuildConfiguration;
			baseConfigurationReference = 62CCBE984A128A132DCBBA50 /* Pods-Parade.release.xcconfig */;
			buildSettings = {
				ASSETCATALOG_COMPILER_APPICON_NAME = AppIcon;
				CODE_SIGN_STYLE = Automatic;
				DEVELOPMENT_TEAM = 63YL5QDMNS;
				INFOPLIST_FILE = Parade/Info.plist;
				LD_RUNPATH_SEARCH_PATHS = "$(inherited) @executable_path/Frameworks";
				PRODUCT_BUNDLE_IDENTIFIER = cn.meniny.Parade;
				PRODUCT_NAME = "$(TARGET_NAME)";
				SWIFT_VERSION = 4.0;
				TARGETED_DEVICE_FAMILY = "1,2";
			};
			name = Release;
		};
/* End XCBuildConfiguration section */

/* Begin XCConfigurationList section */
		5C0ABEC020286610005B95FE /* Build configuration list for PBXProject "Sample" */ = {
			isa = XCConfigurationList;
			buildConfigurations = (
				5C0ABED520286610005B95FE /* Debug */,
				5C0ABED620286610005B95FE /* Release */,
			);
			defaultConfigurationIsVisible = 0;
			defaultConfigurationName = Release;
		};
		5C0ABF0020286664005B95FE /* Build configuration list for PBXNativeTarget "Parade" */ = {
			isa = XCConfigurationList;
			buildConfigurations = (
				5C0ABF0120286664005B95FE /* Debug */,
				5C0ABF0220286664005B95FE /* Release */,
			);
			defaultConfigurationIsVisible = 0;
			defaultConfigurationName = Release;
		};
/* End XCConfigurationList section */
	};
	rootObject = 5C0ABEBD20286610005B95FE /* Project object */;
}
